
Microsoft Visual Studio Solution File, Format Version 12.00
# Visual Studio Version 17
VisualStudioVersion = 17.12.35527.113
MinimumVisualStudioVersion = 10.0.40219.1
Project("{54A90642-561A-4BB1-A94E-469ADEE60C69}") = "Frontend", "Frontend\Frontend.esproj", "{3F238767-731E-48C0-97E1-57CFCAD6ACB8}"
EndProject
Project("{FAE04EC0-301F-11D3-BF4B-00C04F79EFBC}") = "MapsAPI", "MapsAPI\MapsAPI.csproj", "{47D3CD89-0811-4B08-93CA-D8A499025CAF}"
EndProject
Project("{2150E333-8FDC-42A3-9474-1A3956D46DE8}") = "Solution Items", "Solution Items", "{02EA681E-C7D8-13C7-8484-4AC65E1B71E8}"
	ProjectSection(SolutionItems) = preProject
		.gitignore = .gitignore
	EndProjectSection
EndProject
Global
	GlobalSection(SolutionConfigurationPlatforms) = preSolution
		Debug|Any CPU = Debug|Any CPU
		Release|Any CPU = Release|Any CPU
	EndGlobalSection
	GlobalSection(ProjectConfigurationPlatforms) = postSolution
		{3F238767-731E-48C0-97E1-57CFCAD6ACB8}.Debug|Any CPU.ActiveCfg = Debug|Any CPU
		{3F238767-731E-48C0-97E1-57CFCAD6ACB8}.Debug|Any CPU.Build.0 = Debug|Any CPU
		{3F238767-731E-48C0-97E1-57CFCAD6ACB8}.Debug|Any CPU.Deploy.0 = Debug|Any CPU
		{3F238767-731E-48C0-97E1-57CFCAD6ACB8}.Release|Any CPU.ActiveCfg = Release|Any CPU
		{3F238767-731E-48C0-97E1-57CFCAD6ACB8}.Release|Any CPU.Build.0 = Release|Any CPU
		{3F238767-731E-48C0-97E1-57CFCAD6ACB8}.Release|Any CPU.Deploy.0 = Release|Any CPU
		{47D3CD89-0811-4B08-93CA-D8A499025CAF}.Debug|Any CPU.ActiveCfg = Debug|Any CPU
		{47D3CD89-0811-4B08-93CA-D8A499025CAF}.Debug|Any CPU.Build.0 = Debug|Any CPU
		{47D3CD89-0811-4B08-93CA-D8A499025CAF}.Release|Any CPU.ActiveCfg = Release|Any CPU
		{47D3CD89-0811-4B08-93CA-D8A499025CAF}.Release|Any CPU.Build.0 = Release|Any CPU
	EndGlobalSection
	GlobalSection(SolutionProperties) = preSolution
		HideSolutionNode = FALSE
	EndGlobalSection
	GlobalSection(ExtensibilityGlobals) = postSolution
		SolutionGuid = {6E555373-42EF-402B-B9A3-1CD8CEFA376F}
	EndGlobalSection
EndGlobal
